<Solution>
  <Project Path="FinanceAI.Application/FinanceAI.Application.csproj" />
  <Project Path="FinanceAI.Core/FinanceAI.Core.csproj" />
  <Project Path="FinanceAI.Infrastructure/FinanceAI.Infrastructure.csproj" />
  <Project Path="FinanceAI.WebApi/FinanceAI.WebApi.csproj" />
  <Project Path="UI/UI.csproj" Id="0aaf992d-b2ec-4d96-a2d8-c643efe97d9b" />
</Solution>
